{
  "name": "name",
  "version": "0.1.0",
  "lockfileVersion": 3,
  "requires": true,
  "packages": {
    "": {
      "name": "name",
      "version": "0.1.0",
      "private": true,
      "dependencies": {
        "next": "latest",
        "react": "^18",
        "react-dom": "^18"
      },
      "devDependencies": {
        "eslint": "^8",
        "eslint-config-next": "latest"
      }
    },
    "node_modules/@next/env": {
      "version": "14.0.4",
      "resolved": "https://registry.npmjs.org/@next/env/-/env-14.0.4.tgz",
      "integrity": "sha512-/bYTZEY6i0fGJIhGMDrM/bx3DLr3+xTJ7hXjdPyBScFiGXr/j+9o/aH+tYaUv+N6Qw45hHEAVNVWnMD7LMu2Q=="
    },
    "node_modules/@next/swc-darwin-arm64": {
      "version": "14.0.4",
      "resolved": "https://registry.npmjs.org/@next/swc-darwin-arm64/-/swc-darwin-arm64-14.0.4.tgz",
      "integrity": "sha512-gCKJqtWWnKe4ivvLI7xHwG3KmOqYgXtqyGPHJ5Ypk8x7FxPfBkjHKtMrBvFq1wJ5HVXpT4uC2L2G9h9F6FXSQ==",
      "cpu": [
        "arm64"
      ],
      "optional": true,
      "os": [
        "darwin"
      ]
    },
    "node_modules/@next/swc-darwin-x64": {
      "version": "14.0.4",
      "resolved": "https://registry.npmjs.org/@next/swc-darwin-x64/-/swc-darwin-x64-14.0.4.tgz",
      "integrity": "sha512-e5y5yQpH9YJ8eL6l8kXJBP0vBnkFsvN7D/q8BBPY4WVWQ8g5t5pBCwPSh9K5lWMDSUXNngF0NhWAyJJrS+V7A==",
      "cpu": [
        "x64"
      ],
      "optional": true,
      "os": [
        "darwin"
      ]
    },
    "node_modules/@next/swc-linux-arm64-gnu": {
      "version": "14.0.4",
      "resolved": "https://registry.npmjs.org/@next/swc-linux-arm64-gnu/-/swc-linux-arm64-gnu-14.0.4.tgz",
      "integrity": "sha512-Tx39K8u3LKX2AQ7/xGR3xJBxY3GQ/bOOLqUXCmwqNnz6pZ/L5rTuDT3V5V7BU1CZPxQ1HzgfMx3p0H1Q5S+Dg==",
      "cpu": [
        "arm64"
      ],
      "optional": true,
      "os": [
        "linux"
      ]
    },
    "node_modules/@next/swc-linux-arm64-musl": {
      "version": "14.0.4",
      "resolved": "https://registry.npmjs.org/@next/swc-linux-arm64-musl/-/swc-linux-arm64-musl-14.0.4.tgz",
      "integrity": "sha512-hfXEr9BQyPLM2QZPM5N2T5GBOBaHNV1BcfRAZPfKJ7W7wXMc5mHZDNBX5xmP8p+EGBWm32aEUvjuTnVTYMJ4w==",
      "cpu": [
        "arm64"
      ],
      "optional": true,
      "os": [
        "linux"
      ]
    },
    "node_modules/@next/swc-linux-x64-gnu": {
      "version": "14.0.4",
      "resolved": "https://registry.npmjs.org/@next/swc-linux-x64-gnu/-/swc-linux-x64-gnu-14.0.4.tgz",
      "integrity": "sha512-FS1n2VPXpqWWMV8xXvhASH8gj0qjuCJeFPgRNI31p3TpzL4r1X5UqQHV9qNdDIiNNHOQbkK3C8zKnHHW3EEjg==",
      "cpu": [
        "x64"
      ],
      "optional": true,
      "os": [
        "linux"
      ]
    },
    "node_modules/@next/swc-linux-x64-musl": {
      "version": "14.0.4",
      "resolved": "https://registry.npmjs.org/@next/swc-linux-x64-musl/-/swc-linux-x64-musl-14.0.4.tgz",
      "integrity": "sha512-KhbLX2s3RUvOl4mSP7wNsL3B3fGn+8n1b8gOgZdnLKqB7yPpmS1VYIyYnWnKqV/T76xsJaJ9TK4F5K8zEMkww==",
      "cpu": [
        "x64"
      ],
      "optional": true,
      "os": [
        "linux"
      ]
    },
    "node_modules/@next/swc-win32-arm64-msvc": {
      "version": "14.0.4",
      "resolved": "https://registry.npmjs.org/@next/swc-win32-arm64-msvc/-/swc-win32-arm64-msvc-14.0.4.tgz",
      "integrity": "sha512-R1WH1Jqv0FV/2dS39mKsHNpv/d8dV+MvfpF9oGvmDj2PiQYvj0/xXxQTSQv3YNWqJxQKQC9p+rIHCXMvuBajA==",
      "cpu": [
        "arm64"
      ],
      "optional": true,
      "os": [
        "win32"
      ]
    },
    "node_modules/@next/swc-win32-ia32-msvc": {
      "version": "14.0.4",
      "resolved": "https://registry.npmjs.org/@next/swc-win32-ia32-msvc/-/swc-win32-ia32-msvc-14.0.4.tgz",
      "integrity": "sha512-v3d+pPVOqO+s3qSgQe/5P2TlYPIDhxkxHvXG8BG6zZGm6L0Kn6KNM7B3vIQCcMG+6ItKjUXMvQMF9p6rLo/Hg==",
      "cpu": [
        "ia32"
      ],
      "optional": true,
      "os": [
        "win32"
      ]
    },
    "node_modules/@next/swc-win32-x64-msvc": {
      "version": "14.0.4",
      "resolved": "https://registry.npmjs.org/@next/swc-win32-x64-msvc/-/swc-win32-x64-msvc-14.0.4.tgz",
      "integrity": "sha512-xzVwFBGe8xCqI1oZ2VVg4VqHkRqWfRQvCvPQaX5Lp8KMjSR1kVN0S4DPCr8S/XHJiLqeRa/Y2lQj0d3rCGu0A==",
      "cpu": [
        "x64"
      ],
      "optional": true,
      "os": [
        "win32"
      ]
    },
    "node_modules/@swc/helpers": {
      "version": "0.5.2",
      "resolved": "https://registry.npmjs.org/@swc/helpers/-/helpers-0.5.2.tgz",
      "integrity": "sha512-E4KcWTVlD+9BLDqMqqXx7BcH8A6E6aKohJ5vB5+RcrVY8lTv7VJqCTDSrB6bNtIlzq2I5/xplCnR38l4zwNMFQ=="
    },
    "node_modules/caniuse-lite": {
      "version": "1.0.30001565",
      "resolved": "https://registry.npmjs.org/caniuse-lite/-/caniuse-lite-1.0.30001565.tgz",
      "integrity": "sha512-xicbBe2+2e/OVnKXHvLEHkNAH/qNE+e5smxX/RFV1+zpFXXJBTqpg62vQtY3CvlKPDrPNkb0LCJFfhFXVcbLRg==",
      "funding": [
        {
          "type": "opencollective",
          "url": "https://opencollective.com/browserslist"
        },
        {
          "type": "tidelift",
          "url": "https://tidelift.com/funding/github/npm/caniuse-lite"
        },
        {
          "type": "github",
          "url": "https://github.com/sponsors/ai"
        }
      ]
    },
    "node_modules/js-tokens": {
      "version": "4.0.0",
      "resolved": "https://registry.npmjs.org/js-tokens/-/js-tokens-4.0.0.tgz",
      "integrity": "sha512-RdJUflcQPUKsuVvfDinLPHJpO+S+V+1uS9uNPLMA++CcKFn/sGstE5Ji854K+8cVAXq2dEjcCK72l2sDsucKTA=="
    },
    "node_modules/loose-envify": {
      "version": "1.4.0",
      "resolved": "https://registry.npmjs.org/loose-envify/-/loose-envify-1.4.0.tgz",
      "integrity": "sha512-lyuxPGr/Wfhrlem2CL/UcnUcanZxV8CD5SmbYK8nIOyS6QJsd5aQC3nMqrKbO0vpXMrSTmA5NgH7Z3ejZLaWbQ==",
      "dependencies": {
        "js-tokens": "^3 || ^4"
      }
    },
    "node_modules/nanoid": {
      "version": "3.3.7",
      "resolved": "https://registry.npmjs.org/nanoid/-/nanoid-3.3.7.tgz",
      "integrity": "sha512-eSRppjcPIatRIMC1U2UsoJdtVCDVYf+Z5zXvPJiZJLp1R8zYC9V8PiLKAIlUPmx7aO23m9l6+DccaX3E3i+/A==",
      "bin": {
        "nanoid": "bin/nanoid.js"
      }
    },
    "node_modules/next": {
      "version": "14.0.4",
      "resolved": "https://registry.npmjs.org/next/-/next-14.0.4.tgz",
      "integrity": "sha512-kuWr2gPzgLZM1Js4qZJzb+r8qEpnI6gRJsKqqLSA+jmVL6QCQL3y9ztJz0HMJ//5ygHiL3VdsmPKcvDKSVGvQ==",
      "dependencies": {
        "@next/env": "14.0.4",
        "@next/swc-darwin-arm64": "14.0.4",
        "@next/swc-darwin-x64": "14.0.4",
        "@next/swc-linux-arm64-gnu": "14.0.4",
        "@next/swc-linux-arm64-musl": "14.0.4",
        "@next/swc-linux-x64-gnu": "14.0.4",
        "@next/swc-linux-x64-musl": "14.0.4",
        "@next/swc-win32-arm64-msvc": "14.0.4",
        "@next/swc-win32-ia32-msvc": "14.0.4",
        "@next/swc-win32-x64-msvc": "14.0.4",
        "@swc/helpers": "0.5.2",
        "busboy": "1.6.0",
        "caniuse-lite": "^1.0.30001565",
        "postcss": "^8",
        "styled-jsx": "5.1.1"
      },
      "bin": {
        "next": "dist/bin/next"
      },
      "engines": {
        "node": ">=18.17"
      },
      "optionalDependencies": {
        "@next/swc-darwin-arm64": "14.0.4",
        "@next/swc-darwin-x64": "14.0.4",
        "@next/swc-linux-arm64-gnu": "14.0.4",
        "@next/swc-linux-arm64-musl": "14.0.4",
        "@next/swc-linux-x64-gnu": "14.0.4",
        "@next/swc-linux-x64-musl": "14.0.4",
        "@next/swc-win32-arm64-msvc": "14.0.4",
        "@next/swc-win32-ia32-msvc": "14.0.4",
        "@next/swc-win32-x64-msvc": "14.0.4"
      },
      "peerDependencies": {
        "@opentelemetry/api": "^1.1.0",
        "react": "^18",
        "react-dom": "^18"
      },
      "peerDependenciesMeta": {
        "@opentelemetry/api": {
          "optional": true
        }
      }
    },
    "node_modules/postcss": {
      "version": "8.4.32",
      "resolved": "https://registry.npmjs.org/postcss/-/postcss-8.4.32.tgz",
      "integrity": "sha512-D/kj5JNu6L0gZP8riMH654BwEJrs7T81AWchN4j1usLaplGOkE8lsl4zCIapsQrp7N7znUHnoKToTQPgvak1g==",
      "dependencies": {
        "nanoid": "^3.3.7",
        "picocolors": "^1.0.0",
        "source-map-js": "^1.0.2"
      }
    },
    "node_modules/picocolors": {
      "version": "1.0.0",
      "resolved": "https://registry.npmjs.org/picocolors/-/picocolors-1.0.0.tgz",
      "integrity": "sha512-1fygroTLlHu66zi26VoTDv8yRgm0Fccecscs+Sz3CjnSO7KA7DRJ2AfqAxMuEYAqES141l0H8S2gkK9wXmKtUg=="
    },
    "node_modules/react": {
      "version": "18.2.0",
      "resolved": "https://registry.npmjs.org/react/-/react-18.2.0.tgz",
      "integrity": "sha512-/3IjMdb2L9QbBdWiW5e3P2/npwMBaU9mHCSJwhUmhO3PENFsOUnrgy/ZsW6DV+2YPsFwkCuxvou32E39qE3/wQ==",
      "dependencies": {
        "loose-envify": "^1.1.0"
      },
      "peerDependencies": {
        "react-dom": "^0.0.1 || ^16.0.0 || ^17.0.0 || ^18.0.0"
      }
    },
    "node_modules/react-dom": {
      "version": "18.2.0",
      "resolved": "https://registry.npmjs.org/react-dom/-/react-dom-18.2.0.tgz",
      "integrity": "sha512-6IMTriUmvsjHUjNtEDudZfuVQUcg3141UcSNwVvxPJlWQB0dEEIqymESsBheU+W8nKfKEXjvV6DyYD+V1zQyvQ==",
      "dependencies": {
        "loose-envify": "^1.1.0",
        "scheduler": "^0.23.0"
      },
      "peerDependencies": {
        "react": "^18.0.0"
      }
    },
    "node_modules/scheduler": {
      "version": "0.23.0",
      "resolved": "https://registry.npmjs.org/scheduler/-/scheduler-0.23.0.tgz",
      "integrity": "sha512-CtuP3NWP5kna5LmCRBUvE0sSYhQY22qBqh1qMQtetP5oJyUzIvCSqMcWaXW5rhjcqX5DnMXmBr7F4kcLn7U1TA=="
    },
    "node_modules/source-map-js": {
      "version": "1.0.2",
      "resolved": "https://registry.npmjs.org/source-map-js/-/source-map-js-1.0.2.tgz",
      "integrity": "sha512-R0XvVJ9WusLiqTCEiGCFrPCo+IKIYpR007KY+sARi8EfZr/4QMgQV1ZEZAoki+8XfEiiP7CTDtHmSTy6+7xUw=="
    },
    "node_modules/styled-jsx": {
      "version": "5.1.1",
      "resolved": "https://registry.npmjs.org/styled-jsx/-/styled-jsx-5.1.1.tgz",
      "integrity": "sha512-pW7uC1l4mBZ8SPLJfLE3aXXroRvZ7NC3MAtwjrI69lbE15c55pyVxiKRY/Z96fY+EV4AsXweXn2nSvN2Z5ShFA==",
      "peerDependencies": {
        "react": ">= 13.2.0 && <= 18.x.x"
      }
    },
    "node_modules/busboy": {
      "version": "1.6.0",
      "resolved": "https://registry.npmjs.org/busboy/-/busboy-1.6.0.tgz",
      "integrity": "sha512-v5nwt4IqBkuA9RXcSqkB+UeNHeHW0ZL/tUORLnySleIIkdOJl0ltK53g0l1sftavMuiiTjpdtStauh/P892BQ==",
      "dependencies": {
        "streamsearch": "^1.1.0"
      }
    },
    "node_modules/streamsearch": {
      "version": "1.1.0",
      "resolved": "https://registry.npmjs.org/streamsearch/-/streamsearch-1.1.0.tgz",
      "integrity": "sha512-Mcc5wHoZA7aYSo5/K0gcc9e1I0dM4w8gktVfdu5b8gBRmeVe59NYQ2gMNms7+QCWqvB30PFQsB//qmdIagZ0Ow=="
    },
    "node_modules/eslint": {
      "version": "8.55.0",
      "resolved": "https://registry.npmjs.org/eslint/-/eslint-8.55.0.tgz",
      "integrity": "sha512-iyUUAuWgoogle+2K6A8MaboutJJW+FAwcGrtfXvvCOq4fJV2jbMkkI9MUFuVkBDp0zIMj33dmAVoeezJrt6ubi8Q==",
      "deprecated": "This version is no longer supported. Please see https://eslint.org/version-support for other options.",
      "dev": true
    },
    "node_modules/eslint-config-next": {
      "version": "14.0.4",
      "resolved": "https://registry.npmjs.org/eslint-config-next/-/eslint-config-next-14.0.4.tgz",
      "integrity": "sha512-NmDqzxp4S7eQqM8fJFcjGZPCDWzOFe4TrYnQ8gFgVkQ9nPpBrRpwKvVLlFqPvhEePABVwDVNfqXt2EJVTjMWQQ==",
      "dev": true
    }
  }
}
